{
  "name": "clitest",
  "lockfileVersion": 3,
  "requires": true,
  "packages": {
    "": {
      "dependencies": {
        "@lucid-evolution/lucid": "^0.3.8"
      }
    },
    "node_modules/@anastasia-labs/cardano-multiplatform-lib-browser": {
      "version": "5.3.1-3",
      "resolved": "https://registry.npmjs.org/@anastasia-labs/cardano-multiplatform-lib-browser/-/cardano-multiplatform-lib-browser-5.3.1-3.tgz",
      "integrity": "sha512-SQRufQIMjpzgwAgjrmw8UQ80rmgRakyjtYUUx0ayiPKpakFzCN3yFRe9MZY5kPsHes87Rj75xqpitXD1MfddrQ==",
      "license": "MIT"
    },
    "node_modules/@anastasia-labs/cardano-multiplatform-lib-nodejs": {
      "version": "5.3.1-3",
      "resolved": "https://registry.npmjs.org/@anastasia-labs/cardano-multiplatform-lib-nodejs/-/cardano-multiplatform-lib-nodejs-5.3.1-3.tgz",
      "integrity": "sha512-GZS9K6BJM0jJNN3m1brvq3KtSU/36tfiXnj0ChOwNZfCHU9pK0KgGRLhsN87jv6eJLEvbpr/QQr96zjHcwQIyg==",
      "license": "MIT"
    },
    "node_modules/@effect/schema": {
      "version": "0.66.16",
      "resolved": "https://registry.npmjs.org/@effect/schema/-/schema-0.66.16.tgz",
      "integrity": "sha512-sT/k5NOgKslGPzs3DUaCFuM6g2JQoIIT8jpwEorAZooplPIMK2xIspr7ECz6pp6Dc7Wz/ppXGk7HVyGZQsIYEQ==",
      "license": "MIT",
      "peerDependencies": {
        "effect": "^3.1.3",
        "fast-check": "^3.13.2"
      }
    },
    "node_modules/@emurgo/cardano-message-signing-browser": {
      "version": "1.0.1",
      "resolved": "https://registry.npmjs.org/@emurgo/cardano-message-signing-browser/-/cardano-message-signing-browser-1.0.1.tgz",
      "integrity": "sha512-yC4Ymq44WR0bXO1wzxCoyc2W/RD1KSAla0oYhin7IYoVkp2raGp8wt7QNF4pDdNnTcejn5fyPyYY9dL4666H1w==",
      "license": "MIT"
    },
    "node_modules/@emurgo/cardano-message-signing-nodejs": {
      "version": "1.0.1",
      "resolved": "https://registry.npmjs.org/@emurgo/cardano-message-signing-nodejs/-/cardano-message-signing-nodejs-1.0.1.tgz",
      "integrity": "sha512-PoKh1tQnJX18f8iEr8Jk1KXxKCn9eqaSslMI1pyOJvYRJhQVDLCh0+9YReufjp0oFJIY1ShcrR+4/WnECVZUKQ==",
      "license": "MIT"
    },
    "node_modules/@emurgo/cardano-serialization-lib-browser": {
      "version": "11.5.0",
      "resolved": "https://registry.npmjs.org/@emurgo/cardano-serialization-lib-browser/-/cardano-serialization-lib-browser-11.5.0.tgz",
      "integrity": "sha512-qchOJ9NYDUz10tzs5r5QhP9hK0p+ZOlRiBwPdTAxqAYLw/8emYBkQQLaS8T1DF6EkeudyrgS00ym5Trw1fo4iA==",
      "license": "MIT"
    },
    "node_modules/@emurgo/cardano-serialization-lib-nodejs": {
      "version": "11.5.0",
      "resolved": "https://registry.npmjs.org/@emurgo/cardano-serialization-lib-nodejs/-/cardano-serialization-lib-nodejs-11.5.0.tgz",
      "integrity": "sha512-IlVABlRgo9XaTR1NunwZpWcxnfEv04ba2l1vkUz4S1W7Jt36F4CtffP+jPeqBZGnAe+fnUwo0XjIJC3ZTNToNQ==",
      "license": "MIT"
    },
    "node_modules/@lucid-evolution/core-types": {
      "version": "0.1.13",
      "resolved": "https://registry.npmjs.org/@lucid-evolution/core-types/-/core-types-0.1.13.tgz",
      "integrity": "sha512-yFsiz80yHOXHOufL27ALwm/ZK+NAQqhiq/WzT6WkIXpyQXD56C07PqoLEt8nXz+s2EE30YAnNwK+CUzhiUyh4A==",
      "license": "MIT",
      "dependencies": {
        "@anastasia-labs/cardano-multiplatform-lib-browser": "^5.3.1-3",
        "@anastasia-labs/cardano-multiplatform-lib-nodejs": "^5.3.1-3"
      }
    },
    "node_modules/@lucid-evolution/core-utils": {
      "version": "0.1.12",
      "resolved": "https://registry.npmjs.org/@lucid-evolution/core-utils/-/core-utils-0.1.12.tgz",
      "integrity": "sha512-65RuqqK0TCIExTvtrzOELujBhk3H3eoSHahyk+hjel8QcD2vmrPO10fee//RjhSDBv1UEHO//MMoaI+rsp7krQ==",
      "license": "MIT",
      "dependencies": {
        "@anastasia-labs/cardano-multiplatform-lib-browser": "^5.3.1-3",
        "@anastasia-labs/cardano-multiplatform-lib-nodejs": "^5.3.1-3"
      }
    },
    "node_modules/@lucid-evolution/crc8": {
      "version": "0.1.8",
      "resolved": "https://registry.npmjs.org/@lucid-evolution/crc8/-/crc8-0.1.8.tgz",
      "integrity": "sha512-88+/S6n+sPgxYtG05rvbJDVb8MoFGzckkR3p26uGrzngYzlJGfxBWIzNhVwfI2mgINPo2C5lkZW3GYnfY0MjuA==",
      "license": "MIT"
    },
    "node_modules/@lucid-evolution/lucid": {
      "version": "0.3.8",
      "resolved": "https://registry.npmjs.org/@lucid-evolution/lucid/-/lucid-0.3.8.tgz",
      "integrity": "sha512-shplgIo7TktekHTFPviqIHmxTktBAMVFQd2NYIwxiHGqFtSxFH3Wyidu8gKbKJPhOVVnb81KjpT2T/b2vxfDTQ==",
      "license": "MIT",
      "dependencies": {
        "@anastasia-labs/cardano-multiplatform-lib-browser": "^5.3.1-3",
        "@anastasia-labs/cardano-multiplatform-lib-nodejs": "^5.3.1-3",
        "@effect/schema": "^0.66.14",
        "@emurgo/cardano-message-signing-nodejs": "^1.0.1",
        "@lucid-evolution/core-types": "0.1.13",
        "@lucid-evolution/core-utils": "0.1.12",
        "@lucid-evolution/plutus": "0.1.18",
        "@lucid-evolution/provider": "0.1.41",
        "@lucid-evolution/sign_data": "0.1.15",
        "@lucid-evolution/uplc": "0.2.11",
        "@lucid-evolution/utils": "0.1.32",
        "@lucid-evolution/wallet": "0.1.36",
        "effect": "^3.5.6"
      }
    },
    "node_modules/@lucid-evolution/plutus": {
      "version": "0.1.18",
      "resolved": "https://registry.npmjs.org/@lucid-evolution/plutus/-/plutus-0.1.18.tgz",
      "integrity": "sha512-SgeJDdu5LIQ9W0EBqn7DsPaQTN4a7ploOYtDrcHJYpdXAQqqY2X7hkDTV2iX8VvFaLsiCdb+aWdJ73SHMrHMZQ==",
      "license": "MIT",
      "dependencies": {
        "@anastasia-labs/cardano-multiplatform-lib-browser": "^5.3.1-3",
        "@anastasia-labs/cardano-multiplatform-lib-nodejs": "^5.3.1-3",
        "@lucid-evolution/core-types": "0.1.13",
        "@lucid-evolution/core-utils": "0.1.12",
        "@sinclair/typebox": "^0.32.28"
      }
    },
    "node_modules/@lucid-evolution/provider": {
      "version": "0.1.41",
      "resolved": "https://registry.npmjs.org/@lucid-evolution/provider/-/provider-0.1.41.tgz",
      "integrity": "sha512-rkByrXEcvRuq9GRWWKyhsfelBCgQFFg25GHOknU07eSb/k44mBRkbOW7De9gKjoGbsxngtn1Pkh4UZCBx3c8PA==",
      "license": "MIT",
      "dependencies": {
        "@anastasia-labs/cardano-multiplatform-lib-browser": "^5.3.1-3",
        "@anastasia-labs/cardano-multiplatform-lib-nodejs": "^5.3.1-3",
        "@effect/platform": "^0.59.2",
        "@effect/schema": "^0.68.26",
        "@lucid-evolution/core-types": "0.1.13",
        "@lucid-evolution/core-utils": "0.1.12",
        "@lucid-evolution/utils": "0.1.32",
        "@lucid-evolution/wallet": "0.1.36",
        "effect": "^3.5.6"
      }
    },
    "node_modules/@lucid-evolution/provider/node_modules/@effect/platform": {
      "version": "0.59.3",
      "resolved": "https://registry.npmjs.org/@effect/platform/-/platform-0.59.3.tgz",
      "integrity": "sha512-DHR4Hl+hhTCzjs1ykRIyzwaala4JMtPVnReLea29hn+M3fKzloic7UpyCkTO7aJdFjthUtAKcW2mr2lDtuqlDA==",
      "license": "MIT",
      "dependencies": {
        "find-my-way-ts": "^0.1.5",
        "multipasta": "^0.2.2"
      },
      "peerDependencies": {
        "@effect/schema": "^0.68.27",
        "effect": "^3.5.7"
      }
    },
    "node_modules/@lucid-evolution/provider/node_modules/@effect/schema": {
      "version": "0.68.27",
      "resolved": "https://registry.npmjs.org/@effect/schema/-/schema-0.68.27.tgz",
      "integrity": "sha512-/rmIb+4QaQTecdTfeYSZtNikIV+BeIbYDl/hpgBTaS96en7pKNW5hcygFQhdocjKguIL7Y/be+oUrVafWV60ew==",
      "license": "MIT",
      "dependencies": {
        "fast-check": "^3.20.0"
      },
      "peerDependencies": {
        "effect": "^3.5.7"
      }
    },
    "node_modules/@lucid-evolution/sign_data": {
      "version": "0.1.15",
      "resolved": "https://registry.npmjs.org/@lucid-evolution/sign_data/-/sign_data-0.1.15.tgz",
      "integrity": "sha512-eYqtKdedOTGlQPQE0g8l+wYKCMwOf2jPCmGHS8s1h7eGFNhvWzXF2dYKEDZayxUni0vv6xz65QRkllHVUQQfoQ==",
      "license": "MIT",
      "dependencies": {
        "@anastasia-labs/cardano-multiplatform-lib-browser": "^5.3.1-3",
        "@anastasia-labs/cardano-multiplatform-lib-nodejs": "^5.3.1-3",
        "@emurgo/cardano-message-signing-browser": "^1.0.1",
        "@emurgo/cardano-message-signing-nodejs": "^1.0.1",
        "@lucid-evolution/core-types": "0.1.13",
        "@lucid-evolution/core-utils": "0.1.12"
      }
    },
    "node_modules/@lucid-evolution/uplc": {
      "version": "0.2.11",
      "resolved": "https://registry.npmjs.org/@lucid-evolution/uplc/-/uplc-0.2.11.tgz",
      "integrity": "sha512-c1ByCOEu15wxo48+GEm5wwI6LlFVYQdaTSZFKPvZfKGKDMRbpToYxbKJnSIinI21Z4DID/a0pKmKT8JDBodkhw=="
    },
    "node_modules/@lucid-evolution/utils": {
      "version": "0.1.32",
      "resolved": "https://registry.npmjs.org/@lucid-evolution/utils/-/utils-0.1.32.tgz",
      "integrity": "sha512-CTJ32FbYyE2ANNQJDOxFpxrW7wPGUFvwuHaXIGJ8KAqKPni8SyP2d7e/x/GOHT8PYj8MwnKma56Ud4w7Wlh/ZA==",
      "license": "MIT",
      "dependencies": {
        "@anastasia-labs/cardano-multiplatform-lib-browser": "^5.3.1-3",
        "@anastasia-labs/cardano-multiplatform-lib-nodejs": "^5.3.1-3",
        "@effect/schema": "^0.68.16",
        "@emurgo/cardano-serialization-lib-browser": "^11.5.0",
        "@emurgo/cardano-serialization-lib-nodejs": "^11.5.0",
        "@lucid-evolution/core-types": "0.1.13",
        "@lucid-evolution/core-utils": "0.1.12",
        "@lucid-evolution/crc8": "0.1.8",
        "@lucid-evolution/plutus": "0.1.18",
        "@lucid-evolution/uplc": "0.2.11",
        "bip39": "^3.1.0",
        "cborg": "^4.2.0",
        "effect": "^3.1.2"
      }
    },
    "node_modules/@lucid-evolution/utils/node_modules/@effect/schema": {
      "version": "0.68.27",
      "resolved": "https://registry.npmjs.org/@effect/schema/-/schema-0.68.27.tgz",
      "integrity": "sha512-/rmIb+4QaQTecdTfeYSZtNikIV+BeIbYDl/hpgBTaS96en7pKNW5hcygFQhdocjKguIL7Y/be+oUrVafWV60ew==",
      "license": "MIT",
      "dependencies": {
        "fast-check": "^3.20.0"
      },
      "peerDependencies": {
        "effect": "^3.5.7"
      }
    },
    "node_modules/@lucid-evolution/wallet": {
      "version": "0.1.36",
      "resolved": "https://registry.npmjs.org/@lucid-evolution/wallet/-/wallet-0.1.36.tgz",
      "integrity": "sha512-LyshejAkS4w2NQy9CuzrJ/U72BzWN5+Gg7i4TDOF/zdSppYVNjJSne0xA8aR/eVeDv7TeG7uijm8MiEi/1oXMw==",
      "license": "MIT",
      "dependencies": {
        "@anastasia-labs/cardano-multiplatform-lib-nodejs": "^5.3.1-3",
        "@lucid-evolution/core-types": "0.1.13",
        "@lucid-evolution/core-utils": "0.1.12",
        "@lucid-evolution/sign_data": "0.1.15",
        "@lucid-evolution/utils": "0.1.32",
        "bip39": "^3.1.0"
      }
    },
    "node_modules/@noble/hashes": {
      "version": "1.4.0",
      "resolved": "https://registry.npmjs.org/@noble/hashes/-/hashes-1.4.0.tgz",
      "integrity": "sha512-V1JJ1WTRUqHHrOSh597hURcMqVKVGL/ea3kv0gSnEdsEZ0/+VyPghM1lMNGc00z7CIQorSvbKpuJkxvuHbvdbg==",
      "license": "MIT",
      "engines": {
        "node": ">= 16"
      },
      "funding": {
        "url": "https://paulmillr.com/funding/"
      }
    },
    "node_modules/@sinclair/typebox": {
      "version": "0.32.35",
      "resolved": "https://registry.npmjs.org/@sinclair/typebox/-/typebox-0.32.35.tgz",
      "integrity": "sha512-Ul3YyOTU++to8cgNkttakC0dWvpERr6RYoHO2W47DLbFvrwBDJUY31B1sImH6JZSYc4Kt4PyHtoPNu+vL2r2dA==",
      "license": "MIT"
    },
    "node_modules/bip39": {
      "version": "3.1.0",
      "resolved": "https://registry.npmjs.org/bip39/-/bip39-3.1.0.tgz",
      "integrity": "sha512-c9kiwdk45Do5GL0vJMe7tS95VjCii65mYAH7DfWl3uW8AVzXKQVUm64i3hzVybBDMp9r7j9iNxR85+ul8MdN/A==",
      "license": "ISC",
      "dependencies": {
        "@noble/hashes": "^1.2.0"
      }
    },
    "node_modules/cborg": {
      "version": "4.2.3",
      "resolved": "https://registry.npmjs.org/cborg/-/cborg-4.2.3.tgz",
      "integrity": "sha512-XBFbEJ6WMfn9L7woc2t+EzOxF8vGqddoopKBbrhIvZBt2WIUgSlT8xLmM6Aq1xv8eWt4yOSjwxWjYeuHU3CpJA==",
      "license": "Apache-2.0",
      "bin": {
        "cborg": "lib/bin.js"
      }
    },
    "node_modules/effect": {
      "version": "3.6.4",
      "resolved": "https://registry.npmjs.org/effect/-/effect-3.6.4.tgz",
      "integrity": "sha512-nNsn+Uw/n4bHKR8w45IIuYGLCgHsQodjRPB+BHreylQJ89W3iLc/Av9CiL9uvtO/ERp4e3oy5wrTO2J2pkbRRw==",
      "license": "MIT"
    },
    "node_modules/fast-check": {
      "version": "3.21.0",
      "resolved": "https://registry.npmjs.org/fast-check/-/fast-check-3.21.0.tgz",
      "integrity": "sha512-QpmbiqRFRZ+SIlBJh6xi5d/PgXciUc/xWKc4Vi2RWEHHIRx6oM3f0fWNna++zP9VB5HUBTObUK9gTKQP3vVcrQ==",
      "funding": [
        {
          "type": "individual",
          "url": "https://github.com/sponsors/dubzzz"
        },
        {
          "type": "opencollective",
          "url": "https://opencollective.com/fast-check"
        }
      ],
      "license": "MIT",
      "dependencies": {
        "pure-rand": "^6.1.0"
      },
      "engines": {
        "node": ">=8.0.0"
      }
    },
    "node_modules/find-my-way-ts": {
      "version": "0.1.5",
      "resolved": "https://registry.npmjs.org/find-my-way-ts/-/find-my-way-ts-0.1.5.tgz",
      "integrity": "sha512-4GOTMrpGQVzsCH2ruUn2vmwzV/02zF4q+ybhCIrw/Rkt3L8KWcycdC6aJMctJzwN4fXD4SD5F/4B9Sksh5rE0A==",
      "license": "MIT"
    },
    "node_modules/multipasta": {
      "version": "0.2.5",
      "resolved": "https://registry.npmjs.org/multipasta/-/multipasta-0.2.5.tgz",
      "integrity": "sha512-c8eMDb1WwZcE02WVjHoOmUVk7fnKU/RmUcosHACglrWAuPQsEJv+E8430sXj6jNc1jHw0zrS16aCjQh4BcEb4A==",
      "license": "MIT"
    },
    "node_modules/pure-rand": {
      "version": "6.1.0",
      "resolved": "https://registry.npmjs.org/pure-rand/-/pure-rand-6.1.0.tgz",
      "integrity": "sha512-bVWawvoZoBYpp6yIoQtQXHZjmz35RSVHnUOTefl8Vcjr8snTPY1wnpSPMWekcFwbxI6gtmT7rSYPFvz71ldiOA==",
      "funding": [
        {
          "type": "individual",
          "url": "https://github.com/sponsors/dubzzz"
        },
        {
          "type": "opencollective",
          "url": "https://opencollective.com/fast-check"
        }
      ],
      "license": "MIT"
    }
  }
}
